
Microsoft Visual Studio Solution File, Format Version 12.00
# Visual Studio Version 17
VisualStudioVersion = 17.4.33213.308
MinimumVisualStudioVersion = 10.0.40219.1
Project("{FAE04EC0-301F-11D3-BF4B-00C04F79EFBC}") = "UsersManager", "UsersManager\UsersManager.csproj", "{3095817B-C413-4103-B440-C48948B36B09}"
EndProject
Global
	GlobalSection(SolutionConfigurationPlatforms) = preSolution
		Debug|Any CPU = Debug|Any CPU
		Release|Any CPU = Release|Any CPU
	EndGlobalSection
	GlobalSection(ProjectConfigurationPlatforms) = postSolution
		{3095817B-C413-4103-B440-C48948B36B09}.Debug|Any CPU.ActiveCfg = Debug|Any CPU
		{3095817B-C413-4103-B440-C48948B36B09}.Debug|Any CPU.Build.0 = Debug|Any CPU
		{3095817B-C413-4103-B440-C48948B36B09}.Release|Any CPU.ActiveCfg = Release|Any CPU
		{3095817B-C413-4103-B440-C48948B36B09}.Release|Any CPU.Build.0 = Release|Any CPU
	EndGlobalSection
	GlobalSection(SolutionProperties) = preSolution
		HideSolutionNode = FALSE
	EndGlobalSection
	GlobalSection(ExtensibilityGlobals) = postSolution
		SolutionGuid = {9269C85B-05BC-48EB-BEE2-0DA2333309E9}
	EndGlobalSection
EndGlobal
